// !$*UTF8*$!
{
	archiveVersion = 1;
	classes = {
	};
	objectVersion = 56;
	objects = {

/* Begin PBXBuildFile section */
		0DAB78312C5F131C00A15C43 /* KindleQuotesUIFInalApp.swift in Sources */ = {isa = PBXBuildFile; fileRef = 0DAB78302C5F131C00A15C43 /* KindleQuotesUIFInalApp.swift */; };
		0DAB78352C5F131F00A15C43 /* Assets.xcassets in Resources */ = {isa = PBXBuildFile; fileRef = 0DAB78342C5F131F00A15C43 /* Assets.xcassets */; };
		0DAB78382C5F131F00A15C43 /* Preview Assets.xcassets in Resources */ = {isa = PBXBuildFile; fileRef = 0DAB78372C5F131F00A15C43 /* Preview Assets.xcassets */; };
		0DAB78422C5F131F00A15C43 /* KindleQuotesUIFInalTests.swift in Sources */ = {isa = PBXBuildFile; fileRef = 0DAB78412C5F131F00A15C43 /* KindleQuotesUIFInalTests.swift */; };
		0DAB784C2C5F132000A15C43 /* KindleQuotesUIFInalUITests.swift in Sources */ = {isa = PBXBuildFile; fileRef = 0DAB784B2C5F132000A15C43 /* KindleQuotesUIFInalUITests.swift */; };
		0DAB784E2C5F132000A15C43 /* KindleQuotesUIFInalUITestsLaunchTests.swift in Sources */ = {isa = PBXBuildFile; fileRef = 0DAB784D2C5F132000A15C43 /* KindleQuotesUIFInalUITestsLaunchTests.swift */; };
		0DAB78612C5F155A00A15C43 /* AccountView.swift in Sources */ = {isa = PBXBuildFile; fileRef = 0DAB78602C5F155A00A15C43 /* AccountView.swift */; };
		0DAB78632C5F15B600A15C43 /* KindleTabView.swift in Sources */ = {isa = PBXBuildFile; fileRef = 0DAB78622C5F15B600A15C43 /* KindleTabView.swift */; };
		0DAB78652C5F15E000A15C43 /* LibraryView.swift in Sources */ = {isa = PBXBuildFile; fileRef = 0DAB78642C5F15E000A15C43 /* LibraryView.swift */; };
		0DAB78682C5F16FB00A15C43 /* AmazonLoginView.swift in Sources */ = {isa = PBXBuildFile; fileRef = 0DAB78672C5F16FB00A15C43 /* AmazonLoginView.swift */; };
		0DAB786A2C5F175600A15C43 /* LoginViewModel.swift in Sources */ = {isa = PBXBuildFile; fileRef = 0DAB78692C5F175600A15C43 /* LoginViewModel.swift */; };
		0DAB78702C5F17EF00A15C43 /* AmazonLoginButton.swift in Sources */ = {isa = PBXBuildFile; fileRef = 0DAB786F2C5F17EF00A15C43 /* AmazonLoginButton.swift */; };
		0DAB78732C5F1B3000A15C43 /* Book.swift in Sources */ = {isa = PBXBuildFile; fileRef = 0DAB78722C5F1B3000A15C43 /* Book.swift */; };
		0DAB78752C5F1B8800A15C43 /* BookCell.swift in Sources */ = {isa = PBXBuildFile; fileRef = 0DAB78742C5F1B8800A15C43 /* BookCell.swift */; };
		0DAB78772C5F1BFF00A15C43 /* BookRemoteImage.swift in Sources */ = {isa = PBXBuildFile; fileRef = 0DAB78762C5F1BFF00A15C43 /* BookRemoteImage.swift */; };
		0DAB787C2C5F1D4000A15C43 /* NetworkManager.swift in Sources */ = {isa = PBXBuildFile; fileRef = 0DAB787B2C5F1D4000A15C43 /* NetworkManager.swift */; };
		0DAB787E2C5F1E2A00A15C43 /* KQError.swift in Sources */ = {isa = PBXBuildFile; fileRef = 0DAB787D2C5F1E2A00A15C43 /* KQError.swift */; };
		0DAB78812C5F204100A15C43 /* BookDetailView.swift in Sources */ = {isa = PBXBuildFile; fileRef = 0DAB78802C5F204100A15C43 /* BookDetailView.swift */; };
		0DAB78832C5F2A5000A15C43 /* HighlightCell.swift in Sources */ = {isa = PBXBuildFile; fileRef = 0DAB78822C5F2A5000A15C43 /* HighlightCell.swift */; };
/* End PBXBuildFile section */

/* Begin PBXContainerItemProxy section */
		0DAB783E2C5F131F00A15C43 /* PBXContainerItemProxy */ = {
			isa = PBXContainerItemProxy;
			containerPortal = 0DAB78252C5F131C00A15C43 /* Project object */;
			proxyType = 1;
			remoteGlobalIDString = 0DAB782C2C5F131C00A15C43;
			remoteInfo = KindleQuotesUIFInal;
		};
		0DAB78482C5F132000A15C43 /* PBXContainerItemProxy */ = {
			isa = PBXContainerItemProxy;
			containerPortal = 0DAB78252C5F131C00A15C43 /* Project object */;
			proxyType = 1;
			remoteGlobalIDString = 0DAB782C2C5F131C00A15C43;
			remoteInfo = KindleQuotesUIFInal;
		};
/* End PBXContainerItemProxy section */

/* Begin PBXFileReference section */
		0DAB782D2C5F131C00A15C43 /* KindleQuotesUIFInal.app */ = {isa = PBXFileReference; explicitFileType = wrapper.application; includeInIndex = 0; path = KindleQuotesUIFInal.app; sourceTree = BUILT_PRODUCTS_DIR; };
		0DAB78302C5F131C00A15C43 /* KindleQuotesUIFInalApp.swift */ = {isa = PBXFileReference; lastKnownFileType = sourcecode.swift; path = KindleQuotesUIFInalApp.swift; sourceTree = "<group>"; };
		0DAB78342C5F131F00A15C43 /* Assets.xcassets */ = {isa = PBXFileReference; lastKnownFileType = folder.assetcatalog; path = Assets.xcassets; sourceTree = "<group>"; };
		0DAB78372C5F131F00A15C43 /* Preview Assets.xcassets */ = {isa = PBXFileReference; lastKnownFileType = folder.assetcatalog; path = "Preview Assets.xcassets"; sourceTree = "<group>"; };
		0DAB783D2C5F131F00A15C43 /* KindleQuotesUIFInalTests.xctest */ = {isa = PBXFileReference; explicitFileType = wrapper.cfbundle; includeInIndex = 0; path = KindleQuotesUIFInalTests.xctest; sourceTree = BUILT_PRODUCTS_DIR; };
		0DAB78412C5F131F00A15C43 /* KindleQuotesUIFInalTests.swift */ = {isa = PBXFileReference; lastKnownFileType = sourcecode.swift; path = KindleQuotesUIFInalTests.swift; sourceTree = "<group>"; };
		0DAB78472C5F132000A15C43 /* KindleQuotesUIFInalUITests.xctest */ = {isa = PBXFileReference; explicitFileType = wrapper.cfbundle; includeInIndex = 0; path = KindleQuotesUIFInalUITests.xctest; sourceTree = BUILT_PRODUCTS_DIR; };
		0DAB784B2C5F132000A15C43 /* KindleQuotesUIFInalUITests.swift */ = {isa = PBXFileReference; lastKnownFileType = sourcecode.swift; path = KindleQuotesUIFInalUITests.swift; sourceTree = "<group>"; };
		0DAB784D2C5F132000A15C43 /* KindleQuotesUIFInalUITestsLaunchTests.swift */ = {isa = PBXFileReference; lastKnownFileType = sourcecode.swift; path = KindleQuotesUIFInalUITestsLaunchTests.swift; sourceTree = "<group>"; };
		0DAB78602C5F155A00A15C43 /* AccountView.swift */ = {isa = PBXFileReference; lastKnownFileType = sourcecode.swift; path = AccountView.swift; sourceTree = "<group>"; };
		0DAB78622C5F15B600A15C43 /* KindleTabView.swift */ = {isa = PBXFileReference; lastKnownFileType = sourcecode.swift; path = KindleTabView.swift; sourceTree = "<group>"; };
		0DAB78642C5F15E000A15C43 /* LibraryView.swift */ = {isa = PBXFileReference; lastKnownFileType = sourcecode.swift; path = LibraryView.swift; sourceTree = "<group>"; };
		0DAB78672C5F16FB00A15C43 /* AmazonLoginView.swift */ = {isa = PBXFileReference; lastKnownFileType = sourcecode.swift; path = AmazonLoginView.swift; sourceTree = "<group>"; };
		0DAB78692C5F175600A15C43 /* LoginViewModel.swift */ = {isa = PBXFileReference; lastKnownFileType = sourcecode.swift; path = LoginViewModel.swift; sourceTree = "<group>"; };
		0DAB786F2C5F17EF00A15C43 /* AmazonLoginButton.swift */ = {isa = PBXFileReference; lastKnownFileType = sourcecode.swift; path = AmazonLoginButton.swift; sourceTree = "<group>"; };
		0DAB78712C5F19DA00A15C43 /* Info.plist */ = {isa = PBXFileReference; lastKnownFileType = text.plist; path = Info.plist; sourceTree = "<group>"; };
		0DAB78722C5F1B3000A15C43 /* Book.swift */ = {isa = PBXFileReference; lastKnownFileType = sourcecode.swift; path = Book.swift; sourceTree = "<group>"; };
		0DAB78742C5F1B8800A15C43 /* BookCell.swift */ = {isa = PBXFileReference; lastKnownFileType = sourcecode.swift; path = BookCell.swift; sourceTree = "<group>"; };
		0DAB78762C5F1BFF00A15C43 /* BookRemoteImage.swift */ = {isa = PBXFileReference; lastKnownFileType = sourcecode.swift; path = BookRemoteImage.swift; sourceTree = "<group>"; };
		0DAB787B2C5F1D4000A15C43 /* NetworkManager.swift */ = {isa = PBXFileReference; lastKnownFileType = sourcecode.swift; path = NetworkManager.swift; sourceTree = "<group>"; };
		0DAB787D2C5F1E2A00A15C43 /* KQError.swift */ = {isa = PBXFileReference; lastKnownFileType = sourcecode.swift; path = KQError.swift; sourceTree = "<group>"; };
		0DAB78802C5F204100A15C43 /* BookDetailView.swift */ = {isa = PBXFileReference; lastKnownFileType = sourcecode.swift; path = BookDetailView.swift; sourceTree = "<group>"; };
		0DAB78822C5F2A5000A15C43 /* HighlightCell.swift */ = {isa = PBXFileReference; lastKnownFileType = sourcecode.swift; path = HighlightCell.swift; sourceTree = "<group>"; };
/* End PBXFileReference section */

/* Begin PBXFrameworksBuildPhase section */
		0DAB782A2C5F131C00A15C43 /* Frameworks */ = {
			isa = PBXFrameworksBuildPhase;
			buildActionMask = 2147483647;
			files = (
			);
			runOnlyForDeploymentPostprocessing = 0;
		};
		0DAB783A2C5F131F00A15C43 /* Frameworks */ = {
			isa = PBXFrameworksBuildPhase;
			buildActionMask = 2147483647;
			files = (
			);
			runOnlyForDeploymentPostprocessing = 0;
		};
		0DAB78442C5F132000A15C43 /* Frameworks */ = {
			isa = PBXFrameworksBuildPhase;
			buildActionMask = 2147483647;
			files = (
			);
			runOnlyForDeploymentPostprocessing = 0;
		};
/* End PBXFrameworksBuildPhase section */

/* Begin PBXGroup section */
		0DAB78242C5F131C00A15C43 = {
			isa = PBXGroup;
			children = (
				0DAB782F2C5F131C00A15C43 /* KindleQuotesUIFInal */,
				0DAB78402C5F131F00A15C43 /* KindleQuotesUIFInalTests */,
				0DAB784A2C5F132000A15C43 /* KindleQuotesUIFInalUITests */,
				0DAB782E2C5F131C00A15C43 /* Products */,
			);
			sourceTree = "<group>";
		};
		0DAB782E2C5F131C00A15C43 /* Products */ = {
			isa = PBXGroup;
			children = (
				0DAB782D2C5F131C00A15C43 /* KindleQuotesUIFInal.app */,
				0DAB783D2C5F131F00A15C43 /* KindleQuotesUIFInalTests.xctest */,
				0DAB78472C5F132000A15C43 /* KindleQuotesUIFInalUITests.xctest */,
			);
			name = Products;
			sourceTree = "<group>";
		};
		0DAB782F2C5F131C00A15C43 /* KindleQuotesUIFInal */ = {
			isa = PBXGroup;
			children = (
				0DAB78712C5F19DA00A15C43 /* Info.plist */,
				0DAB786B2C5F17B000A15C43 /* Utilities */,
				0DAB785D2C5F13C900A15C43 /* Model */,
				0DAB785B2C5F13AF00A15C43 /* Screens */,
				0DAB785A2C5F13A700A15C43 /* Views */,
				0DAB78302C5F131C00A15C43 /* KindleQuotesUIFInalApp.swift */,
				0DAB78342C5F131F00A15C43 /* Assets.xcassets */,
				0DAB78362C5F131F00A15C43 /* Preview Content */,
			);
			path = KindleQuotesUIFInal;
			sourceTree = "<group>";
		};
		0DAB78362C5F131F00A15C43 /* Preview Content */ = {
			isa = PBXGroup;
			children = (
				0DAB78372C5F131F00A15C43 /* Preview Assets.xcassets */,
			);
			path = "Preview Content";
			sourceTree = "<group>";
		};
		0DAB78402C5F131F00A15C43 /* KindleQuotesUIFInalTests */ = {
			isa = PBXGroup;
			children = (
				0DAB78412C5F131F00A15C43 /* KindleQuotesUIFInalTests.swift */,
			);
			path = KindleQuotesUIFInalTests;
			sourceTree = "<group>";
		};
		0DAB784A2C5F132000A15C43 /* KindleQuotesUIFInalUITests */ = {
			isa = PBXGroup;
			children = (
				0DAB784B2C5F132000A15C43 /* KindleQuotesUIFInalUITests.swift */,
				0DAB784D2C5F132000A15C43 /* KindleQuotesUIFInalUITestsLaunchTests.swift */,
			);
			path = KindleQuotesUIFInalUITests;
			sourceTree = "<group>";
		};
		0DAB785A2C5F13A700A15C43 /* Views */ = {
			isa = PBXGroup;
			children = (
				0DAB786E2C5F17DE00A15C43 /* Cells */,
				0DAB786D2C5F17D100A15C43 /* Image */,
				0DAB786C2C5F17CB00A15C43 /* Buttons */,
			);
			path = Views;
			sourceTree = "<group>";
		};
		0DAB785B2C5F13AF00A15C43 /* Screens */ = {
			isa = PBXGroup;
			children = (
				0DAB78622C5F15B600A15C43 /* KindleTabView.swift */,
				0DAB787F2C5F202C00A15C43 /* BookDetailView */,
				0DAB78662C5F16E500A15C43 /* AmazonLoginView */,
				0DAB785F2C5F154500A15C43 /* LibraryView */,
				0DAB785E2C5F153D00A15C43 /* AccountView */,
			);
			path = Screens;
			sourceTree = "<group>";
		};
		0DAB785D2C5F13C900A15C43 /* Model */ = {
			isa = PBXGroup;
			children = (
				0DAB78722C5F1B3000A15C43 /* Book.swift */,
			);
			path = Model;
			sourceTree = "<group>";
		};
		0DAB785E2C5F153D00A15C43 /* AccountView */ = {
			isa = PBXGroup;
			children = (
				0DAB78602C5F155A00A15C43 /* AccountView.swift */,
			);
			path = AccountView;
			sourceTree = "<group>";
		};
		0DAB785F2C5F154500A15C43 /* LibraryView */ = {
			isa = PBXGroup;
			children = (
				0DAB78642C5F15E000A15C43 /* LibraryView.swift */,
			);
			path = LibraryView;
			sourceTree = "<group>";
		};
		0DAB78662C5F16E500A15C43 /* AmazonLoginView */ = {
			isa = PBXGroup;
			children = (
				0DAB78672C5F16FB00A15C43 /* AmazonLoginView.swift */,
				0DAB78692C5F175600A15C43 /* LoginViewModel.swift */,
			);
			path = AmazonLoginView;
			sourceTree = "<group>";
		};
		0DAB786B2C5F17B000A15C43 /* Utilities */ = {
			isa = PBXGroup;
			children = (
				0DAB78782C5F1C2A00A15C43 /* Managers */,
				0DAB787D2C5F1E2A00A15C43 /* KQError.swift */,
			);
			path = Utilities;
			sourceTree = "<group>";
		};
		0DAB786C2C5F17CB00A15C43 /* Buttons */ = {
			isa = PBXGroup;
			children = (
				0DAB786F2C5F17EF00A15C43 /* AmazonLoginButton.swift */,
			);
			path = Buttons;
			sourceTree = "<group>";
		};
		0DAB786D2C5F17D100A15C43 /* Image */ = {
			isa = PBXGroup;
			children = (
				0DAB78762C5F1BFF00A15C43 /* BookRemoteImage.swift */,
			);
			path = Image;
			sourceTree = "<group>";
		};
		0DAB786E2C5F17DE00A15C43 /* Cells */ = {
			isa = PBXGroup;
			children = (
				0DAB78742C5F1B8800A15C43 /* BookCell.swift */,
				0DAB78822C5F2A5000A15C43 /* HighlightCell.swift */,
			);
			path = Cells;
			sourceTree = "<group>";
		};
		0DAB78782C5F1C2A00A15C43 /* Managers */ = {
			isa = PBXGroup;
			children = (
				0DAB787B2C5F1D4000A15C43 /* NetworkManager.swift */,
			);
			path = Managers;
			sourceTree = "<group>";
		};
		0DAB787F2C5F202C00A15C43 /* BookDetailView */ = {
			isa = PBXGroup;
			children = (
				0DAB78802C5F204100A15C43 /* BookDetailView.swift */,
			);
			path = BookDetailView;
			sourceTree = "<group>";
		};
/* End PBXGroup section */

/* Begin PBXNativeTarget section */
		0DAB782C2C5F131C00A15C43 /* KindleQuotesUIFInal */ = {
			isa = PBXNativeTarget;
			buildConfigurationList = 0DAB78512C5F132000A15C43 /* Build configuration list for PBXNativeTarget "KindleQuotesUIFInal" */;
			buildPhases = (
				0DAB78292C5F131C00A15C43 /* Sources */,
				0DAB782A2C5F131C00A15C43 /* Frameworks */,
				0DAB782B2C5F131C00A15C43 /* Resources */,
			);
			buildRules = (
			);
			dependencies = (
			);
			name = KindleQuotesUIFInal;
			productName = KindleQuotesUIFInal;
			productReference = 0DAB782D2C5F131C00A15C43 /* KindleQuotesUIFInal.app */;
			productType = "com.apple.product-type.application";
		};
		0DAB783C2C5F131F00A15C43 /* KindleQuotesUIFInalTests */ = {
			isa = PBXNativeTarget;
			buildConfigurationList = 0DAB78542C5F132000A15C43 /* Build configuration list for PBXNativeTarget "KindleQuotesUIFInalTests" */;
			buildPhases = (
				0DAB78392C5F131F00A15C43 /* Sources */,
				0DAB783A2C5F131F00A15C43 /* Frameworks */,
				0DAB783B2C5F131F00A15C43 /* Resources */,
			);
			buildRules = (
			);
			dependencies = (
				0DAB783F2C5F131F00A15C43 /* PBXTargetDependency */,
			);
			name = KindleQuotesUIFInalTests;
			productName = KindleQuotesUIFInalTests;
			productReference = 0DAB783D2C5F131F00A15C43 /* KindleQuotesUIFInalTests.xctest */;
			productType = "com.apple.product-type.bundle.unit-test";
		};
		0DAB78462C5F132000A15C43 /* KindleQuotesUIFInalUITests */ = {
			isa = PBXNativeTarget;
			buildConfigurationList = 0DAB78572C5F132000A15C43 /* Build configuration list for PBXNativeTarget "KindleQuotesUIFInalUITests" */;
			buildPhases = (
				0DAB78432C5F132000A15C43 /* Sources */,
				0DAB78442C5F132000A15C43 /* Frameworks */,
				0DAB78452C5F132000A15C43 /* Resources */,
			);
			buildRules = (
			);
			dependencies = (
				0DAB78492C5F132000A15C43 /* PBXTargetDependency */,
			);
			name = KindleQuotesUIFInalUITests;
			productName = KindleQuotesUIFInalUITests;
			productReference = 0DAB78472C5F132000A15C43 /* KindleQuotesUIFInalUITests.xctest */;
			productType = "com.apple.product-type.bundle.ui-testing";
		};
/* End PBXNativeTarget section */

/* Begin PBXProject section */
		0DAB78252C5F131C00A15C43 /* Project object */ = {
			isa = PBXProject;
			attributes = {
				BuildIndependentTargetsInParallel = 1;
				LastSwiftUpdateCheck = 1520;
				LastUpgradeCheck = 1520;
				TargetAttributes = {
					0DAB782C2C5F131C00A15C43 = {
						CreatedOnToolsVersion = 15.2;
					};
					0DAB783C2C5F131F00A15C43 = {
						CreatedOnToolsVersion = 15.2;
						TestTargetID = 0DAB782C2C5F131C00A15C43;
					};
					0DAB78462C5F132000A15C43 = {
						CreatedOnToolsVersion = 15.2;
						TestTargetID = 0DAB782C2C5F131C00A15C43;
					};
				};
			};
			buildConfigurationList = 0DAB78282C5F131C00A15C43 /* Build configuration list for PBXProject "KindleQuotesUIFInal" */;
			compatibilityVersion = "Xcode 14.0";
			developmentRegion = en;
			hasScannedForEncodings = 0;
			knownRegions = (
				en,
				Base,
			);
			mainGroup = 0DAB78242C5F131C00A15C43;
			productRefGroup = 0DAB782E2C5F131C00A15C43 /* Products */;
			projectDirPath = "";
			projectRoot = "";
			targets = (
				0DAB782C2C5F131C00A15C43 /* KindleQuotesUIFInal */,
				0DAB783C2C5F131F00A15C43 /* KindleQuotesUIFInalTests */,
				0DAB78462C5F132000A15C43 /* KindleQuotesUIFInalUITests */,
			);
		};
/* End PBXProject section */

/* Begin PBXResourcesBuildPhase section */
		0DAB782B2C5F131C00A15C43 /* Resources */ = {
			isa = PBXResourcesBuildPhase;
			buildActionMask = 2147483647;
			files = (
				0DAB78382C5F131F00A15C43 /* Preview Assets.xcassets in Resources */,
				0DAB78352C5F131F00A15C43 /* Assets.xcassets in Resources */,
			);
			runOnlyForDeploymentPostprocessing = 0;
		};
		0DAB783B2C5F131F00A15C43 /* Resources */ = {
			isa = PBXResourcesBuildPhase;
			buildActionMask = 2147483647;
			files = (
			);
			runOnlyForDeploymentPostprocessing = 0;
		};
		0DAB78452C5F132000A15C43 /* Resources */ = {
			isa = PBXResourcesBuildPhase;
			buildActionMask = 2147483647;
			files = (
			);
			runOnlyForDeploymentPostprocessing = 0;
		};
/* End PBXResourcesBuildPhase section */

/* Begin PBXSourcesBuildPhase section */
		0DAB78292C5F131C00A15C43 /* Sources */ = {
			isa = PBXSourcesBuildPhase;
			buildActionMask = 2147483647;
			files = (
				0DAB78752C5F1B8800A15C43 /* BookCell.swift in Sources */,
				0DAB78732C5F1B3000A15C43 /* Book.swift in Sources */,
				0DAB78832C5F2A5000A15C43 /* HighlightCell.swift in Sources */,
				0DAB78772C5F1BFF00A15C43 /* BookRemoteImage.swift in Sources */,
				0DAB78652C5F15E000A15C43 /* LibraryView.swift in Sources */,
				0DAB787C2C5F1D4000A15C43 /* NetworkManager.swift in Sources */,
				0DAB78702C5F17EF00A15C43 /* AmazonLoginButton.swift in Sources */,
				0DAB787E2C5F1E2A00A15C43 /* KQError.swift in Sources */,
				0DAB78612C5F155A00A15C43 /* AccountView.swift in Sources */,
				0DAB786A2C5F175600A15C43 /* LoginViewModel.swift in Sources */,
				0DAB78682C5F16FB00A15C43 /* AmazonLoginView.swift in Sources */,
				0DAB78632C5F15B600A15C43 /* KindleTabView.swift in Sources */,
				0DAB78812C5F204100A15C43 /* BookDetailView.swift in Sources */,
				0DAB78312C5F131C00A15C43 /* KindleQuotesUIFInalApp.swift in Sources */,
			);
			runOnlyForDeploymentPostprocessing = 0;
		};
		0DAB78392C5F131F00A15C43 /* Sources */ = {
			isa = PBXSourcesBuildPhase;
			buildActionMask = 2147483647;
			files = (
				0DAB78422C5F131F00A15C43 /* KindleQuotesUIFInalTests.swift in Sources */,
			);
			runOnlyForDeploymentPostprocessing = 0;
		};
		0DAB78432C5F132000A15C43 /* Sources */ = {
			isa = PBXSourcesBuildPhase;
			buildActionMask = 2147483647;
			files = (
				0DAB784C2C5F132000A15C43 /* KindleQuotesUIFInalUITests.swift in Sources */,
				0DAB784E2C5F132000A15C43 /* KindleQuotesUIFInalUITestsLaunchTests.swift in Sources */,
			);
			runOnlyForDeploymentPostprocessing = 0;
		};
/* End PBXSourcesBuildPhase section */

/* Begin PBXTargetDependency section */
		0DAB783F2C5F131F00A15C43 /* PBXTargetDependency */ = {
			isa = PBXTargetDependency;
			target = 0DAB782C2C5F131C00A15C43 /* KindleQuotesUIFInal */;
			targetProxy = 0DAB783E2C5F131F00A15C43 /* PBXContainerItemProxy */;
		};
		0DAB78492C5F132000A15C43 /* PBXTargetDependency */ = {
			isa = PBXTargetDependency;
			target = 0DAB782C2C5F131C00A15C43 /* KindleQuotesUIFInal */;
			targetProxy = 0DAB78482C5F132000A15C43 /* PBXContainerItemProxy */;
		};
/* End PBXTargetDependency section */

/* Begin XCBuildConfiguration section */
		0DAB784F2C5F132000A15C43 /* Debug */ = {
			isa = XCBuildConfiguration;
			buildSettings = {
				ALWAYS_SEARCH_USER_PATHS = NO;
				ASSETCATALOG_COMPILER_GENERATE_SWIFT_ASSET_SYMBOL_EXTENSIONS = YES;
				CLANG_ANALYZER_NONNULL = YES;
				CLANG_ANALYZER_NUMBER_OBJECT_CONVERSION = YES_AGGRESSIVE;
				CLANG_CXX_LANGUAGE_STANDARD = "gnu++20";
				CLANG_ENABLE_MODULES = YES;
				CLANG_ENABLE_OBJC_ARC = YES;
				CLANG_ENABLE_OBJC_WEAK = YES;
				CLANG_WARN_BLOCK_CAPTURE_AUTORELEASING = YES;
				CLANG_WARN_BOOL_CONVERSION = YES;
				CLANG_WARN_COMMA = YES;
				CLANG_WARN_CONSTANT_CONVERSION = YES;
				CLANG_WARN_DEPRECATED_OBJC_IMPLEMENTATIONS = YES;
				CLANG_WARN_DIRECT_OBJC_ISA_USAGE = YES_ERROR;
				CLANG_WARN_DOCUMENTATION_COMMENTS = YES;
				CLANG_WARN_EMPTY_BODY = YES;
				CLANG_WARN_ENUM_CONVERSION = YES;
				CLANG_WARN_INFINITE_RECURSION = YES;
				CLANG_WARN_INT_CONVERSION = YES;
				CLANG_WARN_NON_LITERAL_NULL_CONVERSION = YES;
				CLANG_WARN_OBJC_IMPLICIT_RETAIN_SELF = YES;
				CLANG_WARN_OBJC_LITERAL_CONVERSION = YES;
				CLANG_WARN_OBJC_ROOT_CLASS = YES_ERROR;
				CLANG_WARN_QUOTED_INCLUDE_IN_FRAMEWORK_HEADER = YES;
				CLANG_WARN_RANGE_LOOP_ANALYSIS = YES;
				CLANG_WARN_STRICT_PROTOTYPES = YES;
				CLANG_WARN_SUSPICIOUS_MOVE = YES;
				CLANG_WARN_UNGUARDED_AVAILABILITY = YES_AGGRESSIVE;
				CLANG_WARN_UNREACHABLE_CODE = YES;
				CLANG_WARN__DUPLICATE_METHOD_MATCH = YES;
				COPY_PHASE_STRIP = NO;
				DEBUG_INFORMATION_FORMAT = dwarf;
				ENABLE_STRICT_OBJC_MSGSEND = YES;
				ENABLE_TESTABILITY = YES;
				ENABLE_USER_SCRIPT_SANDBOXING = YES;
				GCC_C_LANGUAGE_STANDARD = gnu17;
				GCC_DYNAMIC_NO_PIC = NO;
				GCC_NO_COMMON_BLOCKS = YES;
				GCC_OPTIMIZATION_LEVEL = 0;
				GCC_PREPROCESSOR_DEFINITIONS = (
					"DEBUG=1",
					"$(inherited)",
				);
				GCC_WARN_64_TO_32_BIT_CONVERSION = YES;
				GCC_WARN_ABOUT_RETURN_TYPE = YES_ERROR;
				GCC_WARN_UNDECLARED_SELECTOR = YES;
				GCC_WARN_UNINITIALIZED_AUTOS = YES_AGGRESSIVE;
				GCC_WARN_UNUSED_FUNCTION = YES;
				GCC_WARN_UNUSED_VARIABLE = YES;
				IPHONEOS_DEPLOYMENT_TARGET = 17.2;
				LOCALIZATION_PREFERS_STRING_CATALOGS = YES;
				MTL_ENABLE_DEBUG_INFO = INCLUDE_SOURCE;
				MTL_FAST_MATH = YES;
				ONLY_ACTIVE_ARCH = YES;
				SDKROOT = iphoneos;
				SWIFT_ACTIVE_COMPILATION_CONDITIONS = "DEBUG $(inherited)";
				SWIFT_OPTIMIZATION_LEVEL = "-Onone";
			};
			name = Debug;
		};
		0DAB78502C5F132000A15C43 /* Release */ = {
			isa = XCBuildConfiguration;
			buildSettings = {
				ALWAYS_SEARCH_USER_PATHS = NO;
				ASSETCATALOG_COMPILER_GENERATE_SWIFT_ASSET_SYMBOL_EXTENSIONS = YES;
				CLANG_ANALYZER_NONNULL = YES;
				CLANG_ANALYZER_NUMBER_OBJECT_CONVERSION = YES_AGGRESSIVE;
				CLANG_CXX_LANGUAGE_STANDARD = "gnu++20";
				CLANG_ENABLE_MODULES = YES;
				CLANG_ENABLE_OBJC_ARC = YES;
				CLANG_ENABLE_OBJC_WEAK = YES;
				CLANG_WARN_BLOCK_CAPTURE_AUTORELEASING = YES;
				CLANG_WARN_BOOL_CONVERSION = YES;
				CLANG_WARN_COMMA = YES;
				CLANG_WARN_CONSTANT_CONVERSION = YES;
				CLANG_WARN_DEPRECATED_OBJC_IMPLEMENTATIONS = YES;
				CLANG_WARN_DIRECT_OBJC_ISA_USAGE = YES_ERROR;
				CLANG_WARN_DOCUMENTATION_COMMENTS = YES;
				CLANG_WARN_EMPTY_BODY = YES;
				CLANG_WARN_ENUM_CONVERSION = YES;
				CLANG_WARN_INFINITE_RECURSION = YES;
				CLANG_WARN_INT_CONVERSION = YES;
				CLANG_WARN_NON_LITERAL_NULL_CONVERSION = YES;
				CLANG_WARN_OBJC_IMPLICIT_RETAIN_SELF = YES;
				CLANG_WARN_OBJC_LITERAL_CONVERSION = YES;
				CLANG_WARN_OBJC_ROOT_CLASS = YES_ERROR;
				CLANG_WARN_QUOTED_INCLUDE_IN_FRAMEWORK_HEADER = YES;
				CLANG_WARN_RANGE_LOOP_ANALYSIS = YES;
				CLANG_WARN_STRICT_PROTOTYPES = YES;
				CLANG_WARN_SUSPICIOUS_MOVE = YES;
				CLANG_WARN_UNGUARDED_AVAILABILITY = YES_AGGRESSIVE;
				CLANG_WARN_UNREACHABLE_CODE = YES;
				CLANG_WARN__DUPLICATE_METHOD_MATCH = YES;
				COPY_PHASE_STRIP = NO;
				DEBUG_INFORMATION_FORMAT = "dwarf-with-dsym";
				ENABLE_NS_ASSERTIONS = NO;
				ENABLE_STRICT_OBJC_MSGSEND = YES;
				ENABLE_USER_SCRIPT_SANDBOXING = YES;
				GCC_C_LANGUAGE_STANDARD = gnu17;
				GCC_NO_COMMON_BLOCKS = YES;
				GCC_WARN_64_TO_32_BIT_CONVERSION = YES;
				GCC_WARN_ABOUT_RETURN_TYPE = YES_ERROR;
				GCC_WARN_UNDECLARED_SELECTOR = YES;
				GCC_WARN_UNINITIALIZED_AUTOS = YES_AGGRESSIVE;
				GCC_WARN_UNUSED_FUNCTION = YES;
				GCC_WARN_UNUSED_VARIABLE = YES;
				IPHONEOS_DEPLOYMENT_TARGET = 17.2;
				LOCALIZATION_PREFERS_STRING_CATALOGS = YES;
				MTL_ENABLE_DEBUG_INFO = NO;
				MTL_FAST_MATH = YES;
				SDKROOT = iphoneos;
				SWIFT_COMPILATION_MODE = wholemodule;
				VALIDATE_PRODUCT = YES;
			};
			name = Release;
		};
		0DAB78522C5F132000A15C43 /* Debug */ = {
			isa = XCBuildConfiguration;
			buildSettings = {
				ASSETCATALOG_COMPILER_APPICON_NAME = AppIcon;
				ASSETCATALOG_COMPILER_GLOBAL_ACCENT_COLOR_NAME = AccentColor;
				CODE_SIGN_STYLE = Automatic;
				CURRENT_PROJECT_VERSION = 1;
				DEVELOPMENT_ASSET_PATHS = "\"KindleQuotesUIFInal/Preview Content\"";
				DEVELOPMENT_TEAM = TSTG769ZPP;
				ENABLE_PREVIEWS = YES;
				GENERATE_INFOPLIST_FILE = YES;
				INFOPLIST_FILE = KindleQuotesUIFInal/Info.plist;
				INFOPLIST_KEY_UIApplicationSceneManifest_Generation = YES;
				INFOPLIST_KEY_UIApplicationSupportsIndirectInputEvents = YES;
				INFOPLIST_KEY_UILaunchScreen_Generation = YES;
				INFOPLIST_KEY_UISupportedInterfaceOrientations_iPad = "UIInterfaceOrientationPortrait UIInterfaceOrientationPortraitUpsideDown UIInterfaceOrientationLandscapeLeft UIInterfaceOrientationLandscapeRight";
				INFOPLIST_KEY_UISupportedInterfaceOrientations_iPhone = "UIInterfaceOrientationPortrait UIInterfaceOrientationLandscapeLeft UIInterfaceOrientationLandscapeRight";
				LD_RUNPATH_SEARCH_PATHS = (
					"$(inherited)",
					"@executable_path/Frameworks",
				);
				MARKETING_VERSION = 1.0;
				PRODUCT_BUNDLE_IDENTIFIER = co.pranit.KindleQuotesUIFInal;
				PRODUCT_NAME = "$(TARGET_NAME)";
				SWIFT_EMIT_LOC_STRINGS = YES;
				SWIFT_VERSION = 5.0;
				TARGETED_DEVICE_FAMILY = "1,2";
			};
			name = Debug;
		};
		0DAB78532C5F132000A15C43 /* Release */ = {
			isa = XCBuildConfiguration;
			buildSettings = {
				ASSETCATALOG_COMPILER_APPICON_NAME = AppIcon;
				ASSETCATALOG_COMPILER_GLOBAL_ACCENT_COLOR_NAME = AccentColor;
				CODE_SIGN_STYLE = Automatic;
				CURRENT_PROJECT_VERSION = 1;
				DEVELOPMENT_ASSET_PATHS = "\"KindleQuotesUIFInal/Preview Content\"";
				DEVELOPMENT_TEAM = TSTG769ZPP;
				ENABLE_PREVIEWS = YES;
				GENERATE_INFOPLIST_FILE = YES;
				INFOPLIST_FILE = KindleQuotesUIFInal/Info.plist;
				INFOPLIST_KEY_UIApplicationSceneManifest_Generation = YES;
				INFOPLIST_KEY_UIApplicationSupportsIndirectInputEvents = YES;
				INFOPLIST_KEY_UILaunchScreen_Generation = YES;
				INFOPLIST_KEY_UISupportedInterfaceOrientations_iPad = "UIInterfaceOrientationPortrait UIInterfaceOrientationPortraitUpsideDown UIInterfaceOrientationLandscapeLeft UIInterfaceOrientationLandscapeRight";
				INFOPLIST_KEY_UISupportedInterfaceOrientations_iPhone = "UIInterfaceOrientationPortrait UIInterfaceOrientationLandscapeLeft UIInterfaceOrientationLandscapeRight";
				LD_RUNPATH_SEARCH_PATHS = (
					"$(inherited)",
					"@executable_path/Frameworks",
				);
				MARKETING_VERSION = 1.0;
				PRODUCT_BUNDLE_IDENTIFIER = co.pranit.KindleQuotesUIFInal;
				PRODUCT_NAME = "$(TARGET_NAME)";
				SWIFT_EMIT_LOC_STRINGS = YES;
				SWIFT_VERSION = 5.0;
				TARGETED_DEVICE_FAMILY = "1,2";
			};
			name = Release;
		};
		0DAB78552C5F132000A15C43 /* Debug */ = {
			isa = XCBuildConfiguration;
			buildSettings = {
				ALWAYS_EMBED_SWIFT_STANDARD_LIBRARIES = YES;
				BUNDLE_LOADER = "$(TEST_HOST)";
				CODE_SIGN_STYLE = Automatic;
				CURRENT_PROJECT_VERSION = 1;
				DEVELOPMENT_TEAM = TSTG769ZPP;
				GENERATE_INFOPLIST_FILE = YES;
				IPHONEOS_DEPLOYMENT_TARGET = 17.2;
				MARKETING_VERSION = 1.0;
				PRODUCT_BUNDLE_IDENTIFIER = co.pranit.KindleQuotesUIFInalTests;
				PRODUCT_NAME = "$(TARGET_NAME)";
				SWIFT_EMIT_LOC_STRINGS = NO;
				SWIFT_VERSION = 5.0;
				TARGETED_DEVICE_FAMILY = "1,2";
				TEST_HOST = "$(BUILT_PRODUCTS_DIR)/KindleQuotesUIFInal.app/$(BUNDLE_EXECUTABLE_FOLDER_PATH)/KindleQuotesUIFInal";
			};
			name = Debug;
		};
		0DAB78562C5F132000A15C43 /* Release */ = {
			isa = XCBuildConfiguration;
			buildSettings = {
				ALWAYS_EMBED_SWIFT_STANDARD_LIBRARIES = YES;
				BUNDLE_LOADER = "$(TEST_HOST)";
				CODE_SIGN_STYLE = Automatic;
				CURRENT_PROJECT_VERSION = 1;
				DEVELOPMENT_TEAM = TSTG769ZPP;
				GENERATE_INFOPLIST_FILE = YES;
				IPHONEOS_DEPLOYMENT_TARGET = 17.2;
				MARKETING_VERSION = 1.0;
				PRODUCT_BUNDLE_IDENTIFIER = co.pranit.KindleQuotesUIFInalTests;
				PRODUCT_NAME = "$(TARGET_NAME)";
				SWIFT_EMIT_LOC_STRINGS = NO;
				SWIFT_VERSION = 5.0;
				TARGETED_DEVICE_FAMILY = "1,2";
				TEST_HOST = "$(BUILT_PRODUCTS_DIR)/KindleQuotesUIFInal.app/$(BUNDLE_EXECUTABLE_FOLDER_PATH)/KindleQuotesUIFInal";
			};
			name = Release;
		};
		0DAB78582C5F132000A15C43 /* Debug */ = {
			isa = XCBuildConfiguration;
			buildSettings = {
				ALWAYS_EMBED_SWIFT_STANDARD_LIBRARIES = YES;
				CODE_SIGN_STYLE = Automatic;
				CURRENT_PROJECT_VERSION = 1;
				DEVELOPMENT_TEAM = TSTG769ZPP;
				GENERATE_INFOPLIST_FILE = YES;
				MARKETING_VERSION = 1.0;
				PRODUCT_BUNDLE_IDENTIFIER = co.pranit.KindleQuotesUIFInalUITests;
				PRODUCT_NAME = "$(TARGET_NAME)";
				SWIFT_EMIT_LOC_STRINGS = NO;
				SWIFT_VERSION = 5.0;
				TARGETED_DEVICE_FAMILY = "1,2";
				TEST_TARGET_NAME = KindleQuotesUIFInal;
			};
			name = Debug;
		};
		0DAB78592C5F132000A15C43 /* Release */ = {
			isa = XCBuildConfiguration;
			buildSettings = {
				ALWAYS_EMBED_SWIFT_STANDARD_LIBRARIES = YES;
				CODE_SIGN_STYLE = Automatic;
				CURRENT_PROJECT_VERSION = 1;
				DEVELOPMENT_TEAM = TSTG769ZPP;
				GENERATE_INFOPLIST_FILE = YES;
				MARKETING_VERSION = 1.0;
				PRODUCT_BUNDLE_IDENTIFIER = co.pranit.KindleQuotesUIFInalUITests;
				PRODUCT_NAME = "$(TARGET_NAME)";
				SWIFT_EMIT_LOC_STRINGS = NO;
				SWIFT_VERSION = 5.0;
				TARGETED_DEVICE_FAMILY = "1,2";
				TEST_TARGET_NAME = KindleQuotesUIFInal;
			};
			name = Release;
		};
/* End XCBuildConfiguration section */

/* Begin XCConfigurationList section */
		0DAB78282C5F131C00A15C43 /* Build configuration list for PBXProject "KindleQuotesUIFInal" */ = {
			isa = XCConfigurationList;
			buildConfigurations = (
				0DAB784F2C5F132000A15C43 /* Debug */,
				0DAB78502C5F132000A15C43 /* Release */,
			);
			defaultConfigurationIsVisible = 0;
			defaultConfigurationName = Release;
		};
		0DAB78512C5F132000A15C43 /* Build configuration list for PBXNativeTarget "KindleQuotesUIFInal" */ = {
			isa = XCConfigurationList;
			buildConfigurations = (
				0DAB78522C5F132000A15C43 /* Debug */,
				0DAB78532C5F132000A15C43 /* Release */,
			);
			defaultConfigurationIsVisible = 0;
			defaultConfigurationName = Release;
		};
		0DAB78542C5F132000A15C43 /* Build configuration list for PBXNativeTarget "KindleQuotesUIFInalTests" */ = {
			isa = XCConfigurationList;
			buildConfigurations = (
				0DAB78552C5F132000A15C43 /* Debug */,
				0DAB78562C5F132000A15C43 /* Release */,
			);
			defaultConfigurationIsVisible = 0;
			defaultConfigurationName = Release;
		};
		0DAB78572C5F132000A15C43 /* Build configuration list for PBXNativeTarget "KindleQuotesUIFInalUITests" */ = {
			isa = XCConfigurationList;
			buildConfigurations = (
				0DAB78582C5F132000A15C43 /* Debug */,
				0DAB78592C5F132000A15C43 /* Release */,
			);
			defaultConfigurationIsVisible = 0;
			defaultConfigurationName = Release;
		};
/* End XCConfigurationList section */
	};
	rootObject = 0DAB78252C5F131C00A15C43 /* Project object */;
}
